
Microsoft Visual Studio Solution File, Format Version 12.00
# Visual Studio Version 17
VisualStudioVersion = 17.0.31903.59
MinimumVisualStudioVersion = 10.0.40219.1
Project("{2150E333-8FDC-42A3-9474-1A3956D46DE8}") = "src", "src", "{0D362DA2-8C26-4505-AC37-EF293292660B}"
EndProject
Project("{2150E333-8FDC-42A3-9474-1A3956D46DE8}") = "Core", "Core", "{CA0FC01C-5137-48E2-9B37-1C6999D25BC7}"
EndProject
Project("{2150E333-8FDC-42A3-9474-1A3956D46DE8}") = "Application", "Application", "{579042DA-9CAA-455B-B037-EC1BC65F9736}"
EndProject
Project("{2150E333-8FDC-42A3-9474-1A3956D46DE8}") = "Infrastructure", "Infrastructure", "{72A2AF76-2DC8-4236-9B70-A547EC463049}"
EndProject
Project("{2150E333-8FDC-42A3-9474-1A3956D46DE8}") = "Presentation", "Presentation", "{6E2801DC-F404-4927-985C-B0046E967174}"
EndProject
Project("{FAE04EC0-301F-11D3-BF4B-00C04F79EFBC}") = "BookLibraryAPI.Core.Domain", "src\Core\BookLibraryAPI.Core.Domain\BookLibraryAPI.Core.Domain.csproj", "{83925DB4-B858-4BE7-A4CF-2EB98B1EDCE5}"
EndProject
Project("{FAE04EC0-301F-11D3-BF4B-00C04F79EFBC}") = "BookLibraryAPI.Application", "src\Application\BookLibraryAPI.Application\BookLibraryAPI.Application.csproj", "{7B5729A2-FA67-4054-8259-994EB3873E0A}"
EndProject
Project("{FAE04EC0-301F-11D3-BF4B-00C04F79EFBC}") = "BookLibraryAPI.Infrastructure", "src\Infrastructure\BookLibraryAPI.Infrastructure\BookLibraryAPI.Infrastructure.csproj", "{A102DABA-DDE1-401B-9864-ADAC9FAD6A59}"
EndProject
Project("{FAE04EC0-301F-11D3-BF4B-00C04F79EFBC}") = "BookLibraryAPI.Presentation", "src\Presentation\BookLibraryAPI.Presentation\BookLibraryAPI.Presentation.csproj", "{12F33030-6262-4237-82C3-9E15A3CC4C58}"
EndProject
Project("{2150E333-8FDC-42A3-9474-1A3956D46DE8}") = "Solution Items", "Solution Items", "{87FCA7E0-1338-425B-8B69-1112C7389FD9}"
	ProjectSection(SolutionItems) = preProject
		compose.yaml = compose.yaml
	EndProjectSection
EndProject
Global
	GlobalSection(SolutionConfigurationPlatforms) = preSolution
		Debug|Any CPU = Debug|Any CPU
		Release|Any CPU = Release|Any CPU
	EndGlobalSection
	GlobalSection(SolutionProperties) = preSolution
		HideSolutionNode = FALSE
	EndGlobalSection
	GlobalSection(NestedProjects) = preSolution
		{CA0FC01C-5137-48E2-9B37-1C6999D25BC7} = {0D362DA2-8C26-4505-AC37-EF293292660B}
		{579042DA-9CAA-455B-B037-EC1BC65F9736} = {0D362DA2-8C26-4505-AC37-EF293292660B}
		{72A2AF76-2DC8-4236-9B70-A547EC463049} = {0D362DA2-8C26-4505-AC37-EF293292660B}
		{6E2801DC-F404-4927-985C-B0046E967174} = {0D362DA2-8C26-4505-AC37-EF293292660B}
		{83925DB4-B858-4BE7-A4CF-2EB98B1EDCE5} = {CA0FC01C-5137-48E2-9B37-1C6999D25BC7}
		{7B5729A2-FA67-4054-8259-994EB3873E0A} = {579042DA-9CAA-455B-B037-EC1BC65F9736}
		{A102DABA-DDE1-401B-9864-ADAC9FAD6A59} = {72A2AF76-2DC8-4236-9B70-A547EC463049}
		{12F33030-6262-4237-82C3-9E15A3CC4C58} = {6E2801DC-F404-4927-985C-B0046E967174}
	EndGlobalSection
	GlobalSection(ProjectConfigurationPlatforms) = postSolution
		{83925DB4-B858-4BE7-A4CF-2EB98B1EDCE5}.Debug|Any CPU.ActiveCfg = Debug|Any CPU
		{83925DB4-B858-4BE7-A4CF-2EB98B1EDCE5}.Debug|Any CPU.Build.0 = Debug|Any CPU
		{83925DB4-B858-4BE7-A4CF-2EB98B1EDCE5}.Release|Any CPU.ActiveCfg = Release|Any CPU
		{83925DB4-B858-4BE7-A4CF-2EB98B1EDCE5}.Release|Any CPU.Build.0 = Release|Any CPU
		{7B5729A2-FA67-4054-8259-994EB3873E0A}.Debug|Any CPU.ActiveCfg = Debug|Any CPU
		{7B5729A2-FA67-4054-8259-994EB3873E0A}.Debug|Any CPU.Build.0 = Debug|Any CPU
		{7B5729A2-FA67-4054-8259-994EB3873E0A}.Release|Any CPU.ActiveCfg = Release|Any CPU
		{7B5729A2-FA67-4054-8259-994EB3873E0A}.Release|Any CPU.Build.0 = Release|Any CPU
		{A102DABA-DDE1-401B-9864-ADAC9FAD6A59}.Debug|Any CPU.ActiveCfg = Debug|Any CPU
		{A102DABA-DDE1-401B-9864-ADAC9FAD6A59}.Debug|Any CPU.Build.0 = Debug|Any CPU
		{A102DABA-DDE1-401B-9864-ADAC9FAD6A59}.Release|Any CPU.ActiveCfg = Release|Any CPU
		{A102DABA-DDE1-401B-9864-ADAC9FAD6A59}.Release|Any CPU.Build.0 = Release|Any CPU
		{12F33030-6262-4237-82C3-9E15A3CC4C58}.Debug|Any CPU.ActiveCfg = Debug|Any CPU
		{12F33030-6262-4237-82C3-9E15A3CC4C58}.Debug|Any CPU.Build.0 = Debug|Any CPU
		{12F33030-6262-4237-82C3-9E15A3CC4C58}.Release|Any CPU.ActiveCfg = Release|Any CPU
		{12F33030-6262-4237-82C3-9E15A3CC4C58}.Release|Any CPU.Build.0 = Release|Any CPU
	EndGlobalSection
EndGlobal
